
Microsoft Visual Studio Solution File, Format Version 12.00
# Visual Studio Version 16
VisualStudioVersion = 16.0.31402.337
MinimumVisualStudioVersion = 10.0.40219.1
Project("{FAE04EC0-301F-11D3-BF4B-00C04F79EFBC}") = "wapApp", "wapApp\wapApp.csproj", "{E1638B2F-FFCF-42F8-9790-235B737201A2}"
EndProject
Global
	GlobalSection(SolutionConfigurationPlatforms) = preSolution
		Debug|Any CPU = Debug|Any CPU
		Release|Any CPU = Release|Any CPU
	EndGlobalSection
	GlobalSection(ProjectConfigurationPlatforms) = postSolution
		{E1638B2F-FFCF-42F8-9790-235B737201A2}.Debug|Any CPU.ActiveCfg = Debug|Any CPU
		{E1638B2F-FFCF-42F8-9790-235B737201A2}.Debug|Any CPU.Build.0 = Debug|Any CPU
		{E1638B2F-FFCF-42F8-9790-235B737201A2}.Release|Any CPU.ActiveCfg = Release|Any CPU
		{E1638B2F-FFCF-42F8-9790-235B737201A2}.Release|Any CPU.Build.0 = Release|Any CPU
	EndGlobalSection
	GlobalSection(SolutionProperties) = preSolution
		HideSolutionNode = FALSE
	EndGlobalSection
	GlobalSection(ExtensibilityGlobals) = postSolution
		SolutionGuid = {866CFD18-34A0-447D-9DCB-05FE8165A8A2}
	EndGlobalSection
EndGlobal
